// !$*UTF8*$!
{
	archiveVersion = 1;
	classes = {
	};
	objectVersion = 50;
	objects = {

/* Begin PBXBuildFile section */
		A6AAB92F2440D7D100ABA50D /* AppDelegate.swift in Sources */ = {isa = PBXBuildFile; fileRef = A6AAB92E2440D7D100ABA50D /* AppDelegate.swift */; };
		A6AAB9312440D7D100ABA50D /* SceneDelegate.swift in Sources */ = {isa = PBXBuildFile; fileRef = A6AAB9302440D7D100ABA50D /* SceneDelegate.swift */; };
		A6AAB9332440D7D100ABA50D /* ViewController.swift in Sources */ = {isa = PBXBuildFile; fileRef = A6AAB9322440D7D100ABA50D /* ViewController.swift */; };
		A6AAB9362440D7D100ABA50D /* Main.storyboard in Resources */ = {isa = PBXBuildFile; fileRef = A6AAB9342440D7D100ABA50D /* Main.storyboard */; };
		A6AAB9382440D7D300ABA50D /* Assets.xcassets in Resources */ = {isa = PBXBuildFile; fileRef = A6AAB9372440D7D300ABA50D /* Assets.xcassets */; };
		A6AAB93B2440D7D300ABA50D /* LaunchScreen.storyboard in Resources */ = {isa = PBXBuildFile; fileRef = A6AAB9392440D7D300ABA50D /* LaunchScreen.storyboard */; };
		A6AAB9472440DAA500ABA50D /* DogAPI.swift in Sources */ = {isa = PBXBuildFile; fileRef = A6AAB9462440DAA500ABA50D /* DogAPI.swift */; };
		A6AAB9492440E7E500ABA50D /* DogImage.swift in Sources */ = {isa = PBXBuildFile; fileRef = A6AAB9482440E7E500ABA50D /* DogImage.swift */; };
/* End PBXBuildFile section */

/* Begin PBXFileReference section */
		A6AAB92B2440D7D100ABA50D /* Randog.app */ = {isa = PBXFileReference; explicitFileType = wrapper.application; includeInIndex = 0; path = Randog.app; sourceTree = BUILT_PRODUCTS_DIR; };
		A6AAB92E2440D7D100ABA50D /* AppDelegate.swift */ = {isa = PBXFileReference; lastKnownFileType = sourcecode.swift; path = AppDelegate.swift; sourceTree = "<group>"; };
		A6AAB9302440D7D100ABA50D /* SceneDelegate.swift */ = {isa = PBXFileReference; lastKnownFileType = sourcecode.swift; path = SceneDelegate.swift; sourceTree = "<group>"; };
		A6AAB9322440D7D100ABA50D /* ViewController.swift */ = {isa = PBXFileReference; lastKnownFileType = sourcecode.swift; path = ViewController.swift; sourceTree = "<group>"; };
		A6AAB9352440D7D100ABA50D /* Base */ = {isa = PBXFileReference; lastKnownFileType = file.storyboard; name = Base; path = Base.lproj/Main.storyboard; sourceTree = "<group>"; };
		A6AAB9372440D7D300ABA50D /* Assets.xcassets */ = {isa = PBXFileReference; lastKnownFileType = folder.assetcatalog; path = Assets.xcassets; sourceTree = "<group>"; };
		A6AAB93A2440D7D300ABA50D /* Base */ = {isa = PBXFileReference; lastKnownFileType = file.storyboard; name = Base; path = Base.lproj/LaunchScreen.storyboard; sourceTree = "<group>"; };
		A6AAB93C2440D7D300ABA50D /* Info.plist */ = {isa = PBXFileReference; lastKnownFileType = text.plist.xml; path = Info.plist; sourceTree = "<group>"; };
		A6AAB9462440DAA500ABA50D /* DogAPI.swift */ = {isa = PBXFileReference; lastKnownFileType = sourcecode.swift; path = DogAPI.swift; sourceTree = "<group>"; };
		A6AAB9482440E7E500ABA50D /* DogImage.swift */ = {isa = PBXFileReference; lastKnownFileType = sourcecode.swift; path = DogImage.swift; sourceTree = "<group>"; };
/* End PBXFileReference section */

/* Begin PBXFrameworksBuildPhase section */
		A6AAB9282440D7D100ABA50D /* Frameworks */ = {
			isa = PBXFrameworksBuildPhase;
			buildActionMask = 2147483647;
			files = (
			);
			runOnlyForDeploymentPostprocessing = 0;
		};
/* End PBXFrameworksBuildPhase section */

/* Begin PBXGroup section */
		A6AAB9222440D7D100ABA50D = {
			isa = PBXGroup;
			children = (
				A6AAB92D2440D7D100ABA50D /* Randog */,
				A6AAB92C2440D7D100ABA50D /* Products */,
			);
			sourceTree = "<group>";
		};
		A6AAB92C2440D7D100ABA50D /* Products */ = {
			isa = PBXGroup;
			children = (
				A6AAB92B2440D7D100ABA50D /* Randog.app */,
			);
			name = Products;
			sourceTree = "<group>";
		};
		A6AAB92D2440D7D100ABA50D /* Randog */ = {
			isa = PBXGroup;
			children = (
				A6AAB9452440D7FD00ABA50D /* Controller */,
				A6AAB9442440D7F700ABA50D /* View */,
				A6AAB9422440D7E500ABA50D /* Model */,
				A6AAB93C2440D7D300ABA50D /* Info.plist */,
			);
			path = Randog;
			sourceTree = "<group>";
		};
		A6AAB9422440D7E500ABA50D /* Model */ = {
			isa = PBXGroup;
			children = (
				A6AAB9462440DAA500ABA50D /* DogAPI.swift */,
				A6AAB9482440E7E500ABA50D /* DogImage.swift */,
			);
			name = Model;
			sourceTree = "<group>";
		};
		A6AAB9442440D7F700ABA50D /* View */ = {
			isa = PBXGroup;
			children = (
				A6AAB9342440D7D100ABA50D /* Main.storyboard */,
				A6AAB9392440D7D300ABA50D /* LaunchScreen.storyboard */,
				A6AAB9302440D7D100ABA50D /* SceneDelegate.swift */,
				A6AAB9372440D7D300ABA50D /* Assets.xcassets */,
			);
			name = View;
			sourceTree = "<group>";
		};
		A6AAB9452440D7FD00ABA50D /* Controller */ = {
			isa = PBXGroup;
			children = (
				A6AAB92E2440D7D100ABA50D /* AppDelegate.swift */,
				A6AAB9322440D7D100ABA50D /* ViewController.swift */,
			);
			name = Controller;
			sourceTree = "<group>";
		};
/* End PBXGroup section */

/* Begin PBXNativeTarget section */
		A6AAB92A2440D7D100ABA50D /* Randog */ = {
			isa = PBXNativeTarget;
			buildConfigurationList = A6AAB93F2440D7D300ABA50D /* Build configuration list for PBXNativeTarget "Randog" */;
			buildPhases = (
				A6AAB9272440D7D100ABA50D /* Sources */,
				A6AAB9282440D7D100ABA50D /* Frameworks */,
				A6AAB9292440D7D100ABA50D /* Resources */,
			);
			buildRules = (
			);
			dependencies = (
			);
			name = Randog;
			productName = Randog;
			productReference = A6AAB92B2440D7D100ABA50D /* Randog.app */;
			productType = "com.apple.product-type.application";
		};
/* End PBXNativeTarget section */

/* Begin PBXProject section */
		A6AAB9232440D7D100ABA50D /* Project object */ = {
			isa = PBXProject;
			attributes = {
				LastSwiftUpdateCheck = 1140;
				LastUpgradeCheck = 1140;
				ORGANIZATIONNAME = DavidKevinChen;
				TargetAttributes = {
					A6AAB92A2440D7D100ABA50D = {
						CreatedOnToolsVersion = 11.4;
					};
				};
			};
			buildConfigurationList = A6AAB9262440D7D100ABA50D /* Build configuration list for PBXProject "Randog" */;
			compatibilityVersion = "Xcode 9.3";
			developmentRegion = en;
			hasScannedForEncodings = 0;
			knownRegions = (
				en,
				Base,
			);
			mainGroup = A6AAB9222440D7D100ABA50D;
			productRefGroup = A6AAB92C2440D7D100ABA50D /* Products */;
			projectDirPath = "";
			projectRoot = "";
			targets = (
				A6AAB92A2440D7D100ABA50D /* Randog */,
			);
		};
/* End PBXProject section */

/* Begin PBXResourcesBuildPhase section */
		A6AAB9292440D7D100ABA50D /* Resources */ = {
			isa = PBXResourcesBuildPhase;
			buildActionMask = 2147483647;
			files = (
				A6AAB93B2440D7D300ABA50D /* LaunchScreen.storyboard in Resources */,
				A6AAB9382440D7D300ABA50D /* Assets.xcassets in Resources */,
				A6AAB9362440D7D100ABA50D /* Main.storyboard in Resources */,
			);
			runOnlyForDeploymentPostprocessing = 0;
		};
/* End PBXResourcesBuildPhase section */

/* Begin PBXSourcesBuildPhase section */
		A6AAB9272440D7D100ABA50D /* Sources */ = {
			isa = PBXSourcesBuildPhase;
			buildActionMask = 2147483647;
			files = (
				A6AAB9332440D7D100ABA50D /* ViewController.swift in Sources */,
				A6AAB9492440E7E500ABA50D /* DogImage.swift in Sources */,
				A6AAB92F2440D7D100ABA50D /* AppDelegate.swift in Sources */,
				A6AAB9312440D7D100ABA50D /* SceneDelegate.swift in Sources */,
				A6AAB9472440DAA500ABA50D /* DogAPI.swift in Sources */,
			);
			runOnlyForDeploymentPostprocessing = 0;
		};
/* End PBXSourcesBuildPhase section */

/* Begin PBXVariantGroup section */
		A6AAB9342440D7D100ABA50D /* Main.storyboard */ = {
			isa = PBXVariantGroup;
			children = (
				A6AAB9352440D7D100ABA50D /* Base */,
			);
			name = Main.storyboard;
			sourceTree = "<group>";
		};
		A6AAB9392440D7D300ABA50D /* LaunchScreen.storyboard */ = {
			isa = PBXVariantGroup;
			children = (
				A6AAB93A2440D7D300ABA50D /* Base */,
			);
			name = LaunchScreen.storyboard;
			sourceTree = "<group>";
		};
/* End PBXVariantGroup section */

/* Begin XCBuildConfiguration section */
		A6AAB93D2440D7D300ABA50D /* Debug */ = {
			isa = XCBuildConfiguration;
			buildSettings = {
				ALWAYS_SEARCH_USER_PATHS = NO;
				CLANG_ANALYZER_NONNULL = YES;
				CLANG_ANALYZER_NUMBER_OBJECT_CONVERSION = YES_AGGRESSIVE;
				CLANG_CXX_LANGUAGE_STANDARD = "gnu++14";
				CLANG_CXX_LIBRARY = "libc++";
				CLANG_ENABLE_MODULES = YES;
				CLANG_ENABLE_OBJC_ARC = YES;
				CLANG_ENABLE_OBJC_WEAK = YES;
				CLANG_WARN_BLOCK_CAPTURE_AUTORELEASING = YES;
				CLANG_WARN_BOOL_CONVERSION = YES;
				CLANG_WARN_COMMA = YES;
				CLANG_WARN_CONSTANT_CONVERSION = YES;
				CLANG_WARN_DEPRECATED_OBJC_IMPLEMENTATIONS = YES;
				CLANG_WARN_DIRECT_OBJC_ISA_USAGE = YES_ERROR;
				CLANG_WARN_DOCUMENTATION_COMMENTS = YES;
				CLANG_WARN_EMPTY_BODY = YES;
				CLANG_WARN_ENUM_CONVERSION = YES;
				CLANG_WARN_INFINITE_RECURSION = YES;
				CLANG_WARN_INT_CONVERSION = YES;
				CLANG_WARN_NON_LITERAL_NULL_CONVERSION = YES;
				CLANG_WARN_OBJC_IMPLICIT_RETAIN_SELF = YES;
				CLANG_WARN_OBJC_LITERAL_CONVERSION = YES;
				CLANG_WARN_OBJC_ROOT_CLASS = YES_ERROR;
				CLANG_WARN_RANGE_LOOP_ANALYSIS = YES;
				CLANG_WARN_STRICT_PROTOTYPES = YES;
				CLANG_WARN_SUSPICIOUS_MOVE = YES;
				CLANG_WARN_UNGUARDED_AVAILABILITY = YES_AGGRESSIVE;
				CLANG_WARN_UNREACHABLE_CODE = YES;
				CLANG_WARN__DUPLICATE_METHOD_MATCH = YES;
				COPY_PHASE_STRIP = NO;
				DEBUG_INFORMATION_FORMAT = dwarf;
				ENABLE_STRICT_OBJC_MSGSEND = YES;
				ENABLE_TESTABILITY = YES;
				GCC_C_LANGUAGE_STANDARD = gnu11;
				GCC_DYNAMIC_NO_PIC = NO;
				GCC_NO_COMMON_BLOCKS = YES;
				GCC_OPTIMIZATION_LEVEL = 0;
				GCC_PREPROCESSOR_DEFINITIONS = (
					"DEBUG=1",
					"$(inherited)",
				);
				GCC_WARN_64_TO_32_BIT_CONVERSION = YES;
				GCC_WARN_ABOUT_RETURN_TYPE = YES_ERROR;
				GCC_WARN_UNDECLARED_SELECTOR = YES;
				GCC_WARN_UNINITIALIZED_AUTOS = YES_AGGRESSIVE;
				GCC_WARN_UNUSED_FUNCTION = YES;
				GCC_WARN_UNUSED_VARIABLE = YES;
				IPHONEOS_DEPLOYMENT_TARGET = 13.4;
				MTL_ENABLE_DEBUG_INFO = INCLUDE_SOURCE;
				MTL_FAST_MATH = YES;
				ONLY_ACTIVE_ARCH = YES;
				SDKROOT = iphoneos;
				SWIFT_ACTIVE_COMPILATION_CONDITIONS = DEBUG;
				SWIFT_OPTIMIZATION_LEVEL = "-Onone";
			};
			name = Debug;
		};
		A6AAB93E2440D7D300ABA50D /* Release */ = {
			isa = XCBuildConfiguration;
			buildSettings = {
				ALWAYS_SEARCH_USER_PATHS = NO;
				CLANG_ANALYZER_NONNULL = YES;
				CLANG_ANALYZER_NUMBER_OBJECT_CONVERSION = YES_AGGRESSIVE;
				CLANG_CXX_LANGUAGE_STANDARD = "gnu++14";
				CLANG_CXX_LIBRARY = "libc++";
				CLANG_ENABLE_MODULES = YES;
				CLANG_ENABLE_OBJC_ARC = YES;
				CLANG_ENABLE_OBJC_WEAK = YES;
				CLANG_WARN_BLOCK_CAPTURE_AUTORELEASING = YES;
				CLANG_WARN_BOOL_CONVERSION = YES;
				CLANG_WARN_COMMA = YES;
				CLANG_WARN_CONSTANT_CONVERSION = YES;
				CLANG_WARN_DEPRECATED_OBJC_IMPLEMENTATIONS = YES;
				CLANG_WARN_DIRECT_OBJC_ISA_USAGE = YES_ERROR;
				CLANG_WARN_DOCUMENTATION_COMMENTS = YES;
				CLANG_WARN_EMPTY_BODY = YES;
				CLANG_WARN_ENUM_CONVERSION = YES;
				CLANG_WARN_INFINITE_RECURSION = YES;
				CLANG_WARN_INT_CONVERSION = YES;
				CLANG_WARN_NON_LITERAL_NULL_CONVERSION = YES;
				CLANG_WARN_OBJC_IMPLICIT_RETAIN_SELF = YES;
				CLANG_WARN_OBJC_LITERAL_CONVERSION = YES;
				CLANG_WARN_OBJC_ROOT_CLASS = YES_ERROR;
				CLANG_WARN_RANGE_LOOP_ANALYSIS = YES;
				CLANG_WARN_STRICT_PROTOTYPES = YES;
				CLANG_WARN_SUSPICIOUS_MOVE = YES;
				CLANG_WARN_UNGUARDED_AVAILABILITY = YES_AGGRESSIVE;
				CLANG_WARN_UNREACHABLE_CODE = YES;
				CLANG_WARN__DUPLICATE_METHOD_MATCH = YES;
				COPY_PHASE_STRIP = NO;
				DEBUG_INFORMATION_FORMAT = "dwarf-with-dsym";
				ENABLE_NS_ASSERTIONS = NO;
				ENABLE_STRICT_OBJC_MSGSEND = YES;
				GCC_C_LANGUAGE_STANDARD = gnu11;
				GCC_NO_COMMON_BLOCKS = YES;
				GCC_WARN_64_TO_32_BIT_CONVERSION = YES;
				GCC_WARN_ABOUT_RETURN_TYPE = YES_ERROR;
				GCC_WARN_UNDECLARED_SELECTOR = YES;
				GCC_WARN_UNINITIALIZED_AUTOS = YES_AGGRESSIVE;
				GCC_WARN_UNUSED_FUNCTION = YES;
				GCC_WARN_UNUSED_VARIABLE = YES;
				IPHONEOS_DEPLOYMENT_TARGET = 13.4;
				MTL_ENABLE_DEBUG_INFO = NO;
				MTL_FAST_MATH = YES;
				SDKROOT = iphoneos;
				SWIFT_COMPILATION_MODE = wholemodule;
				SWIFT_OPTIMIZATION_LEVEL = "-O";
				VALIDATE_PRODUCT = YES;
			};
			name = Release;
		};
		A6AAB9402440D7D300ABA50D /* Debug */ = {
			isa = XCBuildConfiguration;
			buildSettings = {
				ASSETCATALOG_COMPILER_APPICON_NAME = AppIcon;
				CODE_SIGN_STYLE = Automatic;
				DEVELOPMENT_TEAM = 39J42HNUR2;
				INFOPLIST_FILE = Randog/Info.plist;
				LD_RUNPATH_SEARCH_PATHS = (
					"$(inherited)",
					"@executable_path/Frameworks",
				);
				PRODUCT_BUNDLE_IDENTIFIER = com.davidkevinchen.Randog;
				PRODUCT_NAME = "$(TARGET_NAME)";
				SWIFT_VERSION = 5.0;
				TARGETED_DEVICE_FAMILY = "1,2";
			};
			name = Debug;
		};
		A6AAB9412440D7D300ABA50D /* Release */ = {
			isa = XCBuildConfiguration;
			buildSettings = {
				ASSETCATALOG_COMPILER_APPICON_NAME = AppIcon;
				CODE_SIGN_STYLE = Automatic;
				DEVELOPMENT_TEAM = 39J42HNUR2;
				INFOPLIST_FILE = Randog/Info.plist;
				LD_RUNPATH_SEARCH_PATHS = (
					"$(inherited)",
					"@executable_path/Frameworks",
				);
				PRODUCT_BUNDLE_IDENTIFIER = com.davidkevinchen.Randog;
				PRODUCT_NAME = "$(TARGET_NAME)";
				SWIFT_VERSION = 5.0;
				TARGETED_DEVICE_FAMILY = "1,2";
			};
			name = Release;
		};
/* End XCBuildConfiguration section */

/* Begin XCConfigurationList section */
		A6AAB9262440D7D100ABA50D /* Build configuration list for PBXProject "Randog" */ = {
			isa = XCConfigurationList;
			buildConfigurations = (
				A6AAB93D2440D7D300ABA50D /* Debug */,
				A6AAB93E2440D7D300ABA50D /* Release */,
			);
			defaultConfigurationIsVisible = 0;
			defaultConfigurationName = Release;
		};
		A6AAB93F2440D7D300ABA50D /* Build configuration list for PBXNativeTarget "Randog" */ = {
			isa = XCConfigurationList;
			buildConfigurations = (
				A6AAB9402440D7D300ABA50D /* Debug */,
				A6AAB9412440D7D300ABA50D /* Release */,
			);
			defaultConfigurationIsVisible = 0;
			defaultConfigurationName = Release;
		};
/* End XCConfigurationList section */
	};
	rootObject = A6AAB9232440D7D100ABA50D /* Project object */;
}
